
Microsoft Visual Studio Solution File, Format Version 12.00
# Visual Studio 2013
VisualStudioVersion = 12.0.31101.0
MinimumVisualStudioVersion = 10.0.40219.1
Project("{2150E333-8FDC-42A3-9474-1A3956D46DE8}") = "Universal", "Universal", "{EAA0388F-ABC7-4349-B9E5-FF9067A50073}"
EndProject
Project("{D954291E-2A0B-460D-934E-DC6B0785DB48}") = "SQLiteDemo.Shared", "SQLiteDemo\SQLiteDemo.Shared\SQLiteDemo.Shared.shproj", "{BA55E5B3-F268-482E-B6C3-EAE80EA8D967}"
EndProject
Project("{FAE04EC0-301F-11D3-BF4B-00C04F79EFBC}") = "SQLiteDemo.Windows", "SQLiteDemo\SQLiteDemo.Windows\SQLiteDemo.Windows.csproj", "{6F483780-9CB2-4058-AA46-4F732E106164}"
EndProject
Project("{FAE04EC0-301F-11D3-BF4B-00C04F79EFBC}") = "SQLiteDemo.WindowsPhone", "SQLiteDemo\SQLiteDemo.WindowsPhone\SQLiteDemo.WindowsPhone.csproj", "{BA12C7CE-8018-4334-B8A1-4745D564A959}"
EndProject
Project("{FAE04EC0-301F-11D3-BF4B-00C04F79EFBC}") = "SQLiteDemo.XamarinForms.WinPhone", "SQLiteDemo.XamarinForms\SQLiteDemo.XamarinForms.WinPhone\SQLiteDemo.XamarinForms.WinPhone.csproj", "{C7841303-39EA-47C1-8688-B767D7A556D5}"
EndProject
Project("{FAE04EC0-301F-11D3-BF4B-00C04F79EFBC}") = "SQLiteDemo.XamarinForms.Droid", "SQLiteDemo.XamarinForms\SQLiteDemo.XamarinForms.Droid\SQLiteDemo.XamarinForms.Droid.csproj", "{2A2233CB-F7BC-4D9C-B1FE-BC4AA2FB66DF}"
EndProject
Project("{D954291E-2A0B-460D-934E-DC6B0785DB48}") = "SQLiteDemo.XamarinForms", "SQLiteDemo.XamarinForms\SQLiteDemo.XamarinForms\SQLiteDemo.XamarinForms.shproj", "{DA678A41-BF59-41D2-9486-CCD7AFBD054A}"
EndProject
Project("{2150E333-8FDC-42A3-9474-1A3956D46DE8}") = "XamarinForms", "XamarinForms", "{96D89141-824B-4E59-91AE-E3CC8FC55DD1}"
EndProject
Project("{2150E333-8FDC-42A3-9474-1A3956D46DE8}") = "Common", "Common", "{4A991F4E-E824-4BEA-B69A-87036D2A2D5C}"
EndProject
Project("{FAE04EC0-301F-11D3-BF4B-00C04F79EFBC}") = "SQLiteDemo.Portable", "SQLiteDemo.Portable\SQLiteDemo.Portable.csproj", "{865D07F0-5F6A-48BC-99DD-CE03684B424C}"
EndProject
Project("{FAE04EC0-301F-11D3-BF4B-00C04F79EFBC}") = "SQLite.Net.Platform.WinRT", "SQLite.Net.Platform.WinRT\SQLite.Net.Platform.WinRT.csproj", "{6891E212-AEEE-4763-AC6F-BD7213C13890}"
EndProject
Project("{2150E333-8FDC-42A3-9474-1A3956D46DE8}") = "WindowsPhone", "WindowsPhone", "{7CC78AAC-674C-4756-90FF-F4722281724C}"
EndProject
Global
	GlobalSection(SharedMSBuildProjectFiles) = preSolution
		SQLiteDemo\SQLiteDemo.Shared\SQLiteDemo.Shared.projitems*{ba55e5b3-f268-482e-b6c3-eae80ea8d967}*SharedItemsImports = 13
		SQLiteDemo.XamarinForms\SQLiteDemo.XamarinForms\SQLiteDemo.XamarinForms.projitems*{da678a41-bf59-41d2-9486-ccd7afbd054a}*SharedItemsImports = 13
		SQLiteDemo\SQLiteDemo.Shared\SQLiteDemo.Shared.projitems*{6f483780-9cb2-4058-aa46-4f732e106164}*SharedItemsImports = 4
		SQLiteDemo.XamarinForms\SQLiteDemo.XamarinForms\SQLiteDemo.XamarinForms.projitems*{c7841303-39ea-47c1-8688-b767d7a556d5}*SharedItemsImports = 4
		SQLiteDemo.XamarinForms\SQLiteDemo.XamarinForms\SQLiteDemo.XamarinForms.projitems*{2a2233cb-f7bc-4d9c-b1fe-bc4aa2fb66df}*SharedItemsImports = 4
		SQLiteDemo\SQLiteDemo.Shared\SQLiteDemo.Shared.projitems*{ba12c7ce-8018-4334-b8a1-4745d564a959}*SharedItemsImports = 4
	EndGlobalSection
	GlobalSection(SolutionConfigurationPlatforms) = preSolution
		Ad-Hoc|Any CPU = Ad-Hoc|Any CPU
		Ad-Hoc|ARM = Ad-Hoc|ARM
		Ad-Hoc|iPhone = Ad-Hoc|iPhone
		Ad-Hoc|iPhoneSimulator = Ad-Hoc|iPhoneSimulator
		Ad-Hoc|Mixed Platforms = Ad-Hoc|Mixed Platforms
		Ad-Hoc|x64 = Ad-Hoc|x64
		Ad-Hoc|x86 = Ad-Hoc|x86
		AppStore|Any CPU = AppStore|Any CPU
		AppStore|ARM = AppStore|ARM
		AppStore|iPhone = AppStore|iPhone
		AppStore|iPhoneSimulator = AppStore|iPhoneSimulator
		AppStore|Mixed Platforms = AppStore|Mixed Platforms
		AppStore|x64 = AppStore|x64
		AppStore|x86 = AppStore|x86
		Debug|Any CPU = Debug|Any CPU
		Debug|ARM = Debug|ARM
		Debug|iPhone = Debug|iPhone
		Debug|iPhoneSimulator = Debug|iPhoneSimulator
		Debug|Mixed Platforms = Debug|Mixed Platforms
		Debug|x64 = Debug|x64
		Debug|x86 = Debug|x86
		Release|Any CPU = Release|Any CPU
		Release|ARM = Release|ARM
		Release|iPhone = Release|iPhone
		Release|iPhoneSimulator = Release|iPhoneSimulator
		Release|Mixed Platforms = Release|Mixed Platforms
		Release|x64 = Release|x64
		Release|x86 = Release|x86
	EndGlobalSection
	GlobalSection(ProjectConfigurationPlatforms) = postSolution
		{6F483780-9CB2-4058-AA46-4F732E106164}.Ad-Hoc|Any CPU.ActiveCfg = Release|Any CPU
		{6F483780-9CB2-4058-AA46-4F732E106164}.Ad-Hoc|Any CPU.Build.0 = Release|Any CPU
		{6F483780-9CB2-4058-AA46-4F732E106164}.Ad-Hoc|Any CPU.Deploy.0 = Release|Any CPU
		{6F483780-9CB2-4058-AA46-4F732E106164}.Ad-Hoc|ARM.ActiveCfg = Release|ARM
		{6F483780-9CB2-4058-AA46-4F732E106164}.Ad-Hoc|ARM.Build.0 = Release|ARM
		{6F483780-9CB2-4058-AA46-4F732E106164}.Ad-Hoc|ARM.Deploy.0 = Release|ARM
		{6F483780-9CB2-4058-AA46-4F732E106164}.Ad-Hoc|iPhone.ActiveCfg = Release|Any CPU
		{6F483780-9CB2-4058-AA46-4F732E106164}.Ad-Hoc|iPhoneSimulator.ActiveCfg = Release|Any CPU
		{6F483780-9CB2-4058-AA46-4F732E106164}.Ad-Hoc|Mixed Platforms.ActiveCfg = Release|x86
		{6F483780-9CB2-4058-AA46-4F732E106164}.Ad-Hoc|Mixed Platforms.Build.0 = Release|x86
		{6F483780-9CB2-4058-AA46-4F732E106164}.Ad-Hoc|Mixed Platforms.Deploy.0 = Release|x86
		{6F483780-9CB2-4058-AA46-4F732E106164}.Ad-Hoc|x64.ActiveCfg = Release|x64
		{6F483780-9CB2-4058-AA46-4F732E106164}.Ad-Hoc|x64.Build.0 = Release|x64
		{6F483780-9CB2-4058-AA46-4F732E106164}.Ad-Hoc|x64.Deploy.0 = Release|x64
		{6F483780-9CB2-4058-AA46-4F732E106164}.Ad-Hoc|x86.ActiveCfg = Release|x86
		{6F483780-9CB2-4058-AA46-4F732E106164}.Ad-Hoc|x86.Build.0 = Release|x86
		{6F483780-9CB2-4058-AA46-4F732E106164}.Ad-Hoc|x86.Deploy.0 = Release|x86
		{6F483780-9CB2-4058-AA46-4F732E106164}.AppStore|Any CPU.ActiveCfg = Release|Any CPU
		{6F483780-9CB2-4058-AA46-4F732E106164}.AppStore|Any CPU.Build.0 = Release|Any CPU
		{6F483780-9CB2-4058-AA46-4F732E106164}.AppStore|Any CPU.Deploy.0 = Release|Any CPU
		{6F483780-9CB2-4058-AA46-4F732E106164}.AppStore|ARM.ActiveCfg = Release|ARM
		{6F483780-9CB2-4058-AA46-4F732E106164}.AppStore|ARM.Build.0 = Release|ARM
		{6F483780-9CB2-4058-AA46-4F732E106164}.AppStore|ARM.Deploy.0 = Release|ARM
		{6F483780-9CB2-4058-AA46-4F732E106164}.AppStore|iPhone.ActiveCfg = Release|Any CPU
		{6F483780-9CB2-4058-AA46-4F732E106164}.AppStore|iPhoneSimulator.ActiveCfg = Release|Any CPU
		{6F483780-9CB2-4058-AA46-4F732E106164}.AppStore|Mixed Platforms.ActiveCfg = Release|x86
		{6F483780-9CB2-4058-AA46-4F732E106164}.AppStore|Mixed Platforms.Build.0 = Release|x86
		{6F483780-9CB2-4058-AA46-4F732E106164}.AppStore|Mixed Platforms.Deploy.0 = Release|x86
		{6F483780-9CB2-4058-AA46-4F732E106164}.AppStore|x64.ActiveCfg = Release|x64
		{6F483780-9CB2-4058-AA46-4F732E106164}.AppStore|x64.Build.0 = Release|x64
		{6F483780-9CB2-4058-AA46-4F732E106164}.AppStore|x64.Deploy.0 = Release|x64
		{6F483780-9CB2-4058-AA46-4F732E106164}.AppStore|x86.ActiveCfg = Release|x86
		{6F483780-9CB2-4058-AA46-4F732E106164}.AppStore|x86.Build.0 = Release|x86
		{6F483780-9CB2-4058-AA46-4F732E106164}.AppStore|x86.Deploy.0 = Release|x86
		{6F483780-9CB2-4058-AA46-4F732E106164}.Debug|Any CPU.ActiveCfg = Debug|Any CPU
		{6F483780-9CB2-4058-AA46-4F732E106164}.Debug|Any CPU.Build.0 = Debug|Any CPU
		{6F483780-9CB2-4058-AA46-4F732E106164}.Debug|Any CPU.Deploy.0 = Debug|Any CPU
		{6F483780-9CB2-4058-AA46-4F732E106164}.Debug|ARM.ActiveCfg = Debug|ARM
		{6F483780-9CB2-4058-AA46-4F732E106164}.Debug|ARM.Build.0 = Debug|ARM
		{6F483780-9CB2-4058-AA46-4F732E106164}.Debug|ARM.Deploy.0 = Debug|ARM
		{6F483780-9CB2-4058-AA46-4F732E106164}.Debug|iPhone.ActiveCfg = Debug|Any CPU
		{6F483780-9CB2-4058-AA46-4F732E106164}.Debug|iPhoneSimulator.ActiveCfg = Debug|Any CPU
		{6F483780-9CB2-4058-AA46-4F732E106164}.Debug|Mixed Platforms.ActiveCfg = Debug|x86
		{6F483780-9CB2-4058-AA46-4F732E106164}.Debug|Mixed Platforms.Build.0 = Debug|x86
		{6F483780-9CB2-4058-AA46-4F732E106164}.Debug|Mixed Platforms.Deploy.0 = Debug|x86
		{6F483780-9CB2-4058-AA46-4F732E106164}.Debug|x64.ActiveCfg = Debug|x64
		{6F483780-9CB2-4058-AA46-4F732E106164}.Debug|x64.Build.0 = Debug|x64
		{6F483780-9CB2-4058-AA46-4F732E106164}.Debug|x64.Deploy.0 = Debug|x64
		{6F483780-9CB2-4058-AA46-4F732E106164}.Debug|x86.ActiveCfg = Debug|x86
		{6F483780-9CB2-4058-AA46-4F732E106164}.Debug|x86.Build.0 = Debug|x86
		{6F483780-9CB2-4058-AA46-4F732E106164}.Debug|x86.Deploy.0 = Debug|x86
		{6F483780-9CB2-4058-AA46-4F732E106164}.Release|Any CPU.ActiveCfg = Release|Any CPU
		{6F483780-9CB2-4058-AA46-4F732E106164}.Release|Any CPU.Build.0 = Release|Any CPU
		{6F483780-9CB2-4058-AA46-4F732E106164}.Release|Any CPU.Deploy.0 = Release|Any CPU
		{6F483780-9CB2-4058-AA46-4F732E106164}.Release|ARM.ActiveCfg = Release|ARM
		{6F483780-9CB2-4058-AA46-4F732E106164}.Release|ARM.Build.0 = Release|ARM
		{6F483780-9CB2-4058-AA46-4F732E106164}.Release|ARM.Deploy.0 = Release|ARM
		{6F483780-9CB2-4058-AA46-4F732E106164}.Release|iPhone.ActiveCfg = Release|Any CPU
		{6F483780-9CB2-4058-AA46-4F732E106164}.Release|iPhoneSimulator.ActiveCfg = Release|Any CPU
		{6F483780-9CB2-4058-AA46-4F732E106164}.Release|Mixed Platforms.ActiveCfg = Release|x86
		{6F483780-9CB2-4058-AA46-4F732E106164}.Release|Mixed Platforms.Build.0 = Release|x86
		{6F483780-9CB2-4058-AA46-4F732E106164}.Release|Mixed Platforms.Deploy.0 = Release|x86
		{6F483780-9CB2-4058-AA46-4F732E106164}.Release|x64.ActiveCfg = Release|x64
		{6F483780-9CB2-4058-AA46-4F732E106164}.Release|x64.Build.0 = Release|x64
		{6F483780-9CB2-4058-AA46-4F732E106164}.Release|x64.Deploy.0 = Release|x64
		{6F483780-9CB2-4058-AA46-4F732E106164}.Release|x86.ActiveCfg = Release|x86
		{6F483780-9CB2-4058-AA46-4F732E106164}.Release|x86.Build.0 = Release|x86
		{6F483780-9CB2-4058-AA46-4F732E106164}.Release|x86.Deploy.0 = Release|x86
		{BA12C7CE-8018-4334-B8A1-4745D564A959}.Ad-Hoc|Any CPU.ActiveCfg = Release|Any CPU
		{BA12C7CE-8018-4334-B8A1-4745D564A959}.Ad-Hoc|Any CPU.Build.0 = Release|Any CPU
		{BA12C7CE-8018-4334-B8A1-4745D564A959}.Ad-Hoc|Any CPU.Deploy.0 = Release|Any CPU
		{BA12C7CE-8018-4334-B8A1-4745D564A959}.Ad-Hoc|ARM.ActiveCfg = Release|ARM
		{BA12C7CE-8018-4334-B8A1-4745D564A959}.Ad-Hoc|ARM.Build.0 = Release|ARM
		{BA12C7CE-8018-4334-B8A1-4745D564A959}.Ad-Hoc|ARM.Deploy.0 = Release|ARM
		{BA12C7CE-8018-4334-B8A1-4745D564A959}.Ad-Hoc|iPhone.ActiveCfg = Release|Any CPU
		{BA12C7CE-8018-4334-B8A1-4745D564A959}.Ad-Hoc|iPhoneSimulator.ActiveCfg = Release|Any CPU
		{BA12C7CE-8018-4334-B8A1-4745D564A959}.Ad-Hoc|Mixed Platforms.ActiveCfg = Release|x86
		{BA12C7CE-8018-4334-B8A1-4745D564A959}.Ad-Hoc|Mixed Platforms.Build.0 = Release|x86
		{BA12C7CE-8018-4334-B8A1-4745D564A959}.Ad-Hoc|Mixed Platforms.Deploy.0 = Release|x86
		{BA12C7CE-8018-4334-B8A1-4745D564A959}.Ad-Hoc|x64.ActiveCfg = Release|Any CPU
		{BA12C7CE-8018-4334-B8A1-4745D564A959}.Ad-Hoc|x86.ActiveCfg = Release|x86
		{BA12C7CE-8018-4334-B8A1-4745D564A959}.Ad-Hoc|x86.Build.0 = Release|x86
		{BA12C7CE-8018-4334-B8A1-4745D564A959}.Ad-Hoc|x86.Deploy.0 = Release|x86
		{BA12C7CE-8018-4334-B8A1-4745D564A959}.AppStore|Any CPU.ActiveCfg = Release|Any CPU
		{BA12C7CE-8018-4334-B8A1-4745D564A959}.AppStore|Any CPU.Build.0 = Release|Any CPU
		{BA12C7CE-8018-4334-B8A1-4745D564A959}.AppStore|Any CPU.Deploy.0 = Release|Any CPU
		{BA12C7CE-8018-4334-B8A1-4745D564A959}.AppStore|ARM.ActiveCfg = Release|ARM
		{BA12C7CE-8018-4334-B8A1-4745D564A959}.AppStore|ARM.Build.0 = Release|ARM
		{BA12C7CE-8018-4334-B8A1-4745D564A959}.AppStore|ARM.Deploy.0 = Release|ARM
		{BA12C7CE-8018-4334-B8A1-4745D564A959}.AppStore|iPhone.ActiveCfg = Release|Any CPU
		{BA12C7CE-8018-4334-B8A1-4745D564A959}.AppStore|iPhoneSimulator.ActiveCfg = Release|Any CPU
		{BA12C7CE-8018-4334-B8A1-4745D564A959}.AppStore|Mixed Platforms.ActiveCfg = Release|x86
		{BA12C7CE-8018-4334-B8A1-4745D564A959}.AppStore|Mixed Platforms.Build.0 = Release|x86
		{BA12C7CE-8018-4334-B8A1-4745D564A959}.AppStore|Mixed Platforms.Deploy.0 = Release|x86
		{BA12C7CE-8018-4334-B8A1-4745D564A959}.AppStore|x64.ActiveCfg = Release|Any CPU
		{BA12C7CE-8018-4334-B8A1-4745D564A959}.AppStore|x86.ActiveCfg = Release|x86
		{BA12C7CE-8018-4334-B8A1-4745D564A959}.AppStore|x86.Build.0 = Release|x86
		{BA12C7CE-8018-4334-B8A1-4745D564A959}.AppStore|x86.Deploy.0 = Release|x86
		{BA12C7CE-8018-4334-B8A1-4745D564A959}.Debug|Any CPU.ActiveCfg = Debug|Any CPU
		{BA12C7CE-8018-4334-B8A1-4745D564A959}.Debug|Any CPU.Build.0 = Debug|Any CPU
		{BA12C7CE-8018-4334-B8A1-4745D564A959}.Debug|Any CPU.Deploy.0 = Debug|Any CPU
		{BA12C7CE-8018-4334-B8A1-4745D564A959}.Debug|ARM.ActiveCfg = Debug|ARM
		{BA12C7CE-8018-4334-B8A1-4745D564A959}.Debug|ARM.Build.0 = Debug|ARM
		{BA12C7CE-8018-4334-B8A1-4745D564A959}.Debug|ARM.Deploy.0 = Debug|ARM
		{BA12C7CE-8018-4334-B8A1-4745D564A959}.Debug|iPhone.ActiveCfg = Debug|Any CPU
		{BA12C7CE-8018-4334-B8A1-4745D564A959}.Debug|iPhoneSimulator.ActiveCfg = Debug|Any CPU
		{BA12C7CE-8018-4334-B8A1-4745D564A959}.Debug|Mixed Platforms.ActiveCfg = Debug|x86
		{BA12C7CE-8018-4334-B8A1-4745D564A959}.Debug|Mixed Platforms.Build.0 = Debug|x86
		{BA12C7CE-8018-4334-B8A1-4745D564A959}.Debug|Mixed Platforms.Deploy.0 = Debug|x86
		{BA12C7CE-8018-4334-B8A1-4745D564A959}.Debug|x64.ActiveCfg = Debug|Any CPU
		{BA12C7CE-8018-4334-B8A1-4745D564A959}.Debug|x86.ActiveCfg = Debug|x86
		{BA12C7CE-8018-4334-B8A1-4745D564A959}.Debug|x86.Build.0 = Debug|x86
		{BA12C7CE-8018-4334-B8A1-4745D564A959}.Debug|x86.Deploy.0 = Debug|x86
		{BA12C7CE-8018-4334-B8A1-4745D564A959}.Release|Any CPU.ActiveCfg = Release|Any CPU
		{BA12C7CE-8018-4334-B8A1-4745D564A959}.Release|Any CPU.Build.0 = Release|Any CPU
		{BA12C7CE-8018-4334-B8A1-4745D564A959}.Release|Any CPU.Deploy.0 = Release|Any CPU
		{BA12C7CE-8018-4334-B8A1-4745D564A959}.Release|ARM.ActiveCfg = Release|ARM
		{BA12C7CE-8018-4334-B8A1-4745D564A959}.Release|ARM.Build.0 = Release|ARM
		{BA12C7CE-8018-4334-B8A1-4745D564A959}.Release|ARM.Deploy.0 = Release|ARM
		{BA12C7CE-8018-4334-B8A1-4745D564A959}.Release|iPhone.ActiveCfg = Release|Any CPU
		{BA12C7CE-8018-4334-B8A1-4745D564A959}.Release|iPhoneSimulator.ActiveCfg = Release|Any CPU
		{BA12C7CE-8018-4334-B8A1-4745D564A959}.Release|Mixed Platforms.ActiveCfg = Release|x86
		{BA12C7CE-8018-4334-B8A1-4745D564A959}.Release|Mixed Platforms.Build.0 = Release|x86
		{BA12C7CE-8018-4334-B8A1-4745D564A959}.Release|Mixed Platforms.Deploy.0 = Release|x86
		{BA12C7CE-8018-4334-B8A1-4745D564A959}.Release|x64.ActiveCfg = Release|Any CPU
		{BA12C7CE-8018-4334-B8A1-4745D564A959}.Release|x86.ActiveCfg = Release|x86
		{BA12C7CE-8018-4334-B8A1-4745D564A959}.Release|x86.Build.0 = Release|x86
		{BA12C7CE-8018-4334-B8A1-4745D564A959}.Release|x86.Deploy.0 = Release|x86
		{C7841303-39EA-47C1-8688-B767D7A556D5}.Ad-Hoc|Any CPU.ActiveCfg = Release|Any CPU
		{C7841303-39EA-47C1-8688-B767D7A556D5}.Ad-Hoc|Any CPU.Build.0 = Release|Any CPU
		{C7841303-39EA-47C1-8688-B767D7A556D5}.Ad-Hoc|Any CPU.Deploy.0 = Release|Any CPU
		{C7841303-39EA-47C1-8688-B767D7A556D5}.Ad-Hoc|ARM.ActiveCfg = Release|ARM
		{C7841303-39EA-47C1-8688-B767D7A556D5}.Ad-Hoc|ARM.Build.0 = Release|ARM
		{C7841303-39EA-47C1-8688-B767D7A556D5}.Ad-Hoc|ARM.Deploy.0 = Release|ARM
		{C7841303-39EA-47C1-8688-B767D7A556D5}.Ad-Hoc|iPhone.ActiveCfg = Release|Any CPU
		{C7841303-39EA-47C1-8688-B767D7A556D5}.Ad-Hoc|iPhoneSimulator.ActiveCfg = Release|Any CPU
		{C7841303-39EA-47C1-8688-B767D7A556D5}.Ad-Hoc|Mixed Platforms.ActiveCfg = Release|x86
		{C7841303-39EA-47C1-8688-B767D7A556D5}.Ad-Hoc|Mixed Platforms.Build.0 = Release|x86
		{C7841303-39EA-47C1-8688-B767D7A556D5}.Ad-Hoc|Mixed Platforms.Deploy.0 = Release|x86
		{C7841303-39EA-47C1-8688-B767D7A556D5}.Ad-Hoc|x64.ActiveCfg = Release|Any CPU
		{C7841303-39EA-47C1-8688-B767D7A556D5}.Ad-Hoc|x86.ActiveCfg = Release|x86
		{C7841303-39EA-47C1-8688-B767D7A556D5}.Ad-Hoc|x86.Build.0 = Release|x86
		{C7841303-39EA-47C1-8688-B767D7A556D5}.Ad-Hoc|x86.Deploy.0 = Release|x86
		{C7841303-39EA-47C1-8688-B767D7A556D5}.AppStore|Any CPU.ActiveCfg = Release|Any CPU
		{C7841303-39EA-47C1-8688-B767D7A556D5}.AppStore|Any CPU.Build.0 = Release|Any CPU
		{C7841303-39EA-47C1-8688-B767D7A556D5}.AppStore|Any CPU.Deploy.0 = Release|Any CPU
		{C7841303-39EA-47C1-8688-B767D7A556D5}.AppStore|ARM.ActiveCfg = Release|ARM
		{C7841303-39EA-47C1-8688-B767D7A556D5}.AppStore|ARM.Build.0 = Release|ARM
		{C7841303-39EA-47C1-8688-B767D7A556D5}.AppStore|ARM.Deploy.0 = Release|ARM
		{C7841303-39EA-47C1-8688-B767D7A556D5}.AppStore|iPhone.ActiveCfg = Release|Any CPU
		{C7841303-39EA-47C1-8688-B767D7A556D5}.AppStore|iPhoneSimulator.ActiveCfg = Release|Any CPU
		{C7841303-39EA-47C1-8688-B767D7A556D5}.AppStore|Mixed Platforms.ActiveCfg = Release|x86
		{C7841303-39EA-47C1-8688-B767D7A556D5}.AppStore|Mixed Platforms.Build.0 = Release|x86
		{C7841303-39EA-47C1-8688-B767D7A556D5}.AppStore|Mixed Platforms.Deploy.0 = Release|x86
		{C7841303-39EA-47C1-8688-B767D7A556D5}.AppStore|x64.ActiveCfg = Release|Any CPU
		{C7841303-39EA-47C1-8688-B767D7A556D5}.AppStore|x86.ActiveCfg = Release|x86
		{C7841303-39EA-47C1-8688-B767D7A556D5}.AppStore|x86.Build.0 = Release|x86
		{C7841303-39EA-47C1-8688-B767D7A556D5}.AppStore|x86.Deploy.0 = Release|x86
		{C7841303-39EA-47C1-8688-B767D7A556D5}.Debug|Any CPU.ActiveCfg = Debug|Any CPU
		{C7841303-39EA-47C1-8688-B767D7A556D5}.Debug|Any CPU.Build.0 = Debug|Any CPU
		{C7841303-39EA-47C1-8688-B767D7A556D5}.Debug|Any CPU.Deploy.0 = Debug|Any CPU
		{C7841303-39EA-47C1-8688-B767D7A556D5}.Debug|ARM.ActiveCfg = Debug|ARM
		{C7841303-39EA-47C1-8688-B767D7A556D5}.Debug|ARM.Build.0 = Debug|ARM
		{C7841303-39EA-47C1-8688-B767D7A556D5}.Debug|ARM.Deploy.0 = Debug|ARM
		{C7841303-39EA-47C1-8688-B767D7A556D5}.Debug|iPhone.ActiveCfg = Debug|Any CPU
		{C7841303-39EA-47C1-8688-B767D7A556D5}.Debug|iPhoneSimulator.ActiveCfg = Debug|Any CPU
		{C7841303-39EA-47C1-8688-B767D7A556D5}.Debug|Mixed Platforms.ActiveCfg = Debug|x86
		{C7841303-39EA-47C1-8688-B767D7A556D5}.Debug|Mixed Platforms.Build.0 = Debug|x86
		{C7841303-39EA-47C1-8688-B767D7A556D5}.Debug|Mixed Platforms.Deploy.0 = Debug|x86
		{C7841303-39EA-47C1-8688-B767D7A556D5}.Debug|x64.ActiveCfg = Debug|Any CPU
		{C7841303-39EA-47C1-8688-B767D7A556D5}.Debug|x86.ActiveCfg = Debug|x86
		{C7841303-39EA-47C1-8688-B767D7A556D5}.Debug|x86.Build.0 = Debug|x86
		{C7841303-39EA-47C1-8688-B767D7A556D5}.Debug|x86.Deploy.0 = Debug|x86
		{C7841303-39EA-47C1-8688-B767D7A556D5}.Release|Any CPU.ActiveCfg = Release|Any CPU
		{C7841303-39EA-47C1-8688-B767D7A556D5}.Release|Any CPU.Build.0 = Release|Any CPU
		{C7841303-39EA-47C1-8688-B767D7A556D5}.Release|Any CPU.Deploy.0 = Release|Any CPU
		{C7841303-39EA-47C1-8688-B767D7A556D5}.Release|ARM.ActiveCfg = Release|ARM
		{C7841303-39EA-47C1-8688-B767D7A556D5}.Release|ARM.Build.0 = Release|ARM
		{C7841303-39EA-47C1-8688-B767D7A556D5}.Release|ARM.Deploy.0 = Release|ARM
		{C7841303-39EA-47C1-8688-B767D7A556D5}.Release|iPhone.ActiveCfg = Release|Any CPU
		{C7841303-39EA-47C1-8688-B767D7A556D5}.Release|iPhoneSimulator.ActiveCfg = Release|Any CPU
		{C7841303-39EA-47C1-8688-B767D7A556D5}.Release|Mixed Platforms.ActiveCfg = Release|x86
		{C7841303-39EA-47C1-8688-B767D7A556D5}.Release|Mixed Platforms.Build.0 = Release|x86
		{C7841303-39EA-47C1-8688-B767D7A556D5}.Release|Mixed Platforms.Deploy.0 = Release|x86
		{C7841303-39EA-47C1-8688-B767D7A556D5}.Release|x64.ActiveCfg = Release|Any CPU
		{C7841303-39EA-47C1-8688-B767D7A556D5}.Release|x86.ActiveCfg = Release|x86
		{C7841303-39EA-47C1-8688-B767D7A556D5}.Release|x86.Build.0 = Release|x86
		{C7841303-39EA-47C1-8688-B767D7A556D5}.Release|x86.Deploy.0 = Release|x86
		{2A2233CB-F7BC-4D9C-B1FE-BC4AA2FB66DF}.Ad-Hoc|Any CPU.ActiveCfg = Release|Any CPU
		{2A2233CB-F7BC-4D9C-B1FE-BC4AA2FB66DF}.Ad-Hoc|Any CPU.Build.0 = Release|Any CPU
		{2A2233CB-F7BC-4D9C-B1FE-BC4AA2FB66DF}.Ad-Hoc|Any CPU.Deploy.0 = Release|Any CPU
		{2A2233CB-F7BC-4D9C-B1FE-BC4AA2FB66DF}.Ad-Hoc|ARM.ActiveCfg = Release|Any CPU
		{2A2233CB-F7BC-4D9C-B1FE-BC4AA2FB66DF}.Ad-Hoc|iPhone.ActiveCfg = Release|Any CPU
		{2A2233CB-F7BC-4D9C-B1FE-BC4AA2FB66DF}.Ad-Hoc|iPhoneSimulator.ActiveCfg = Release|Any CPU
		{2A2233CB-F7BC-4D9C-B1FE-BC4AA2FB66DF}.Ad-Hoc|Mixed Platforms.ActiveCfg = Release|Any CPU
		{2A2233CB-F7BC-4D9C-B1FE-BC4AA2FB66DF}.Ad-Hoc|Mixed Platforms.Build.0 = Release|Any CPU
		{2A2233CB-F7BC-4D9C-B1FE-BC4AA2FB66DF}.Ad-Hoc|Mixed Platforms.Deploy.0 = Release|Any CPU
		{2A2233CB-F7BC-4D9C-B1FE-BC4AA2FB66DF}.Ad-Hoc|x64.ActiveCfg = Release|Any CPU
		{2A2233CB-F7BC-4D9C-B1FE-BC4AA2FB66DF}.Ad-Hoc|x86.ActiveCfg = Release|Any CPU
		{2A2233CB-F7BC-4D9C-B1FE-BC4AA2FB66DF}.AppStore|Any CPU.ActiveCfg = Release|Any CPU
		{2A2233CB-F7BC-4D9C-B1FE-BC4AA2FB66DF}.AppStore|Any CPU.Build.0 = Release|Any CPU
		{2A2233CB-F7BC-4D9C-B1FE-BC4AA2FB66DF}.AppStore|Any CPU.Deploy.0 = Release|Any CPU
		{2A2233CB-F7BC-4D9C-B1FE-BC4AA2FB66DF}.AppStore|ARM.ActiveCfg = Release|Any CPU
		{2A2233CB-F7BC-4D9C-B1FE-BC4AA2FB66DF}.AppStore|iPhone.ActiveCfg = Release|Any CPU
		{2A2233CB-F7BC-4D9C-B1FE-BC4AA2FB66DF}.AppStore|iPhoneSimulator.ActiveCfg = Release|Any CPU
		{2A2233CB-F7BC-4D9C-B1FE-BC4AA2FB66DF}.AppStore|Mixed Platforms.ActiveCfg = Release|Any CPU
		{2A2233CB-F7BC-4D9C-B1FE-BC4AA2FB66DF}.AppStore|Mixed Platforms.Build.0 = Release|Any CPU
		{2A2233CB-F7BC-4D9C-B1FE-BC4AA2FB66DF}.AppStore|Mixed Platforms.Deploy.0 = Release|Any CPU
		{2A2233CB-F7BC-4D9C-B1FE-BC4AA2FB66DF}.AppStore|x64.ActiveCfg = Release|Any CPU
		{2A2233CB-F7BC-4D9C-B1FE-BC4AA2FB66DF}.AppStore|x86.ActiveCfg = Release|Any CPU
		{2A2233CB-F7BC-4D9C-B1FE-BC4AA2FB66DF}.Debug|Any CPU.ActiveCfg = Debug|Any CPU
		{2A2233CB-F7BC-4D9C-B1FE-BC4AA2FB66DF}.Debug|Any CPU.Build.0 = Debug|Any CPU
		{2A2233CB-F7BC-4D9C-B1FE-BC4AA2FB66DF}.Debug|Any CPU.Deploy.0 = Debug|Any CPU
		{2A2233CB-F7BC-4D9C-B1FE-BC4AA2FB66DF}.Debug|ARM.ActiveCfg = Debug|Any CPU
		{2A2233CB-F7BC-4D9C-B1FE-BC4AA2FB66DF}.Debug|iPhone.ActiveCfg = Debug|Any CPU
		{2A2233CB-F7BC-4D9C-B1FE-BC4AA2FB66DF}.Debug|iPhoneSimulator.ActiveCfg = Debug|Any CPU
		{2A2233CB-F7BC-4D9C-B1FE-BC4AA2FB66DF}.Debug|Mixed Platforms.ActiveCfg = Debug|Any CPU
		{2A2233CB-F7BC-4D9C-B1FE-BC4AA2FB66DF}.Debug|Mixed Platforms.Build.0 = Debug|Any CPU
		{2A2233CB-F7BC-4D9C-B1FE-BC4AA2FB66DF}.Debug|Mixed Platforms.Deploy.0 = Debug|Any CPU
		{2A2233CB-F7BC-4D9C-B1FE-BC4AA2FB66DF}.Debug|x64.ActiveCfg = Debug|Any CPU
		{2A2233CB-F7BC-4D9C-B1FE-BC4AA2FB66DF}.Debug|x86.ActiveCfg = Debug|Any CPU
		{2A2233CB-F7BC-4D9C-B1FE-BC4AA2FB66DF}.Release|Any CPU.ActiveCfg = Release|Any CPU
		{2A2233CB-F7BC-4D9C-B1FE-BC4AA2FB66DF}.Release|Any CPU.Build.0 = Release|Any CPU
		{2A2233CB-F7BC-4D9C-B1FE-BC4AA2FB66DF}.Release|Any CPU.Deploy.0 = Release|Any CPU
		{2A2233CB-F7BC-4D9C-B1FE-BC4AA2FB66DF}.Release|ARM.ActiveCfg = Release|Any CPU
		{2A2233CB-F7BC-4D9C-B1FE-BC4AA2FB66DF}.Release|iPhone.ActiveCfg = Release|Any CPU
		{2A2233CB-F7BC-4D9C-B1FE-BC4AA2FB66DF}.Release|iPhoneSimulator.ActiveCfg = Release|Any CPU
		{2A2233CB-F7BC-4D9C-B1FE-BC4AA2FB66DF}.Release|Mixed Platforms.ActiveCfg = Release|Any CPU
		{2A2233CB-F7BC-4D9C-B1FE-BC4AA2FB66DF}.Release|Mixed Platforms.Build.0 = Release|Any CPU
		{2A2233CB-F7BC-4D9C-B1FE-BC4AA2FB66DF}.Release|Mixed Platforms.Deploy.0 = Release|Any CPU
		{2A2233CB-F7BC-4D9C-B1FE-BC4AA2FB66DF}.Release|x64.ActiveCfg = Release|Any CPU
		{2A2233CB-F7BC-4D9C-B1FE-BC4AA2FB66DF}.Release|x86.ActiveCfg = Release|Any CPU
		{865D07F0-5F6A-48BC-99DD-CE03684B424C}.Ad-Hoc|Any CPU.ActiveCfg = Release|Any CPU
		{865D07F0-5F6A-48BC-99DD-CE03684B424C}.Ad-Hoc|Any CPU.Build.0 = Release|Any CPU
		{865D07F0-5F6A-48BC-99DD-CE03684B424C}.Ad-Hoc|ARM.ActiveCfg = Release|Any CPU
		{865D07F0-5F6A-48BC-99DD-CE03684B424C}.Ad-Hoc|iPhone.ActiveCfg = Release|Any CPU
		{865D07F0-5F6A-48BC-99DD-CE03684B424C}.Ad-Hoc|iPhoneSimulator.ActiveCfg = Release|Any CPU
		{865D07F0-5F6A-48BC-99DD-CE03684B424C}.Ad-Hoc|Mixed Platforms.ActiveCfg = Release|Any CPU
		{865D07F0-5F6A-48BC-99DD-CE03684B424C}.Ad-Hoc|Mixed Platforms.Build.0 = Release|Any CPU
		{865D07F0-5F6A-48BC-99DD-CE03684B424C}.Ad-Hoc|x64.ActiveCfg = Release|Any CPU
		{865D07F0-5F6A-48BC-99DD-CE03684B424C}.Ad-Hoc|x86.ActiveCfg = Release|Any CPU
		{865D07F0-5F6A-48BC-99DD-CE03684B424C}.AppStore|Any CPU.ActiveCfg = Release|Any CPU
		{865D07F0-5F6A-48BC-99DD-CE03684B424C}.AppStore|Any CPU.Build.0 = Release|Any CPU
		{865D07F0-5F6A-48BC-99DD-CE03684B424C}.AppStore|ARM.ActiveCfg = Release|Any CPU
		{865D07F0-5F6A-48BC-99DD-CE03684B424C}.AppStore|iPhone.ActiveCfg = Release|Any CPU
		{865D07F0-5F6A-48BC-99DD-CE03684B424C}.AppStore|iPhoneSimulator.ActiveCfg = Release|Any CPU
		{865D07F0-5F6A-48BC-99DD-CE03684B424C}.AppStore|Mixed Platforms.ActiveCfg = Release|Any CPU
		{865D07F0-5F6A-48BC-99DD-CE03684B424C}.AppStore|Mixed Platforms.Build.0 = Release|Any CPU
		{865D07F0-5F6A-48BC-99DD-CE03684B424C}.AppStore|x64.ActiveCfg = Release|Any CPU
		{865D07F0-5F6A-48BC-99DD-CE03684B424C}.AppStore|x86.ActiveCfg = Release|Any CPU
		{865D07F0-5F6A-48BC-99DD-CE03684B424C}.Debug|Any CPU.ActiveCfg = Debug|Any CPU
		{865D07F0-5F6A-48BC-99DD-CE03684B424C}.Debug|Any CPU.Build.0 = Debug|Any CPU
		{865D07F0-5F6A-48BC-99DD-CE03684B424C}.Debug|ARM.ActiveCfg = Debug|Any CPU
		{865D07F0-5F6A-48BC-99DD-CE03684B424C}.Debug|iPhone.ActiveCfg = Debug|Any CPU
		{865D07F0-5F6A-48BC-99DD-CE03684B424C}.Debug|iPhoneSimulator.ActiveCfg = Debug|Any CPU
		{865D07F0-5F6A-48BC-99DD-CE03684B424C}.Debug|Mixed Platforms.ActiveCfg = Debug|Any CPU
		{865D07F0-5F6A-48BC-99DD-CE03684B424C}.Debug|Mixed Platforms.Build.0 = Debug|Any CPU
		{865D07F0-5F6A-48BC-99DD-CE03684B424C}.Debug|x64.ActiveCfg = Debug|Any CPU
		{865D07F0-5F6A-48BC-99DD-CE03684B424C}.Debug|x86.ActiveCfg = Debug|Any CPU
		{865D07F0-5F6A-48BC-99DD-CE03684B424C}.Release|Any CPU.ActiveCfg = Release|Any CPU
		{865D07F0-5F6A-48BC-99DD-CE03684B424C}.Release|Any CPU.Build.0 = Release|Any CPU
		{865D07F0-5F6A-48BC-99DD-CE03684B424C}.Release|ARM.ActiveCfg = Release|Any CPU
		{865D07F0-5F6A-48BC-99DD-CE03684B424C}.Release|iPhone.ActiveCfg = Release|Any CPU
		{865D07F0-5F6A-48BC-99DD-CE03684B424C}.Release|iPhoneSimulator.ActiveCfg = Release|Any CPU
		{865D07F0-5F6A-48BC-99DD-CE03684B424C}.Release|Mixed Platforms.ActiveCfg = Release|Any CPU
		{865D07F0-5F6A-48BC-99DD-CE03684B424C}.Release|Mixed Platforms.Build.0 = Release|Any CPU
		{865D07F0-5F6A-48BC-99DD-CE03684B424C}.Release|x64.ActiveCfg = Release|Any CPU
		{865D07F0-5F6A-48BC-99DD-CE03684B424C}.Release|x86.ActiveCfg = Release|Any CPU
		{6891E212-AEEE-4763-AC6F-BD7213C13890}.Ad-Hoc|Any CPU.ActiveCfg = Release|Any CPU
		{6891E212-AEEE-4763-AC6F-BD7213C13890}.Ad-Hoc|Any CPU.Build.0 = Release|Any CPU
		{6891E212-AEEE-4763-AC6F-BD7213C13890}.Ad-Hoc|ARM.ActiveCfg = Release|ARM
		{6891E212-AEEE-4763-AC6F-BD7213C13890}.Ad-Hoc|ARM.Build.0 = Release|ARM
		{6891E212-AEEE-4763-AC6F-BD7213C13890}.Ad-Hoc|iPhone.ActiveCfg = Release|Any CPU
		{6891E212-AEEE-4763-AC6F-BD7213C13890}.Ad-Hoc|iPhoneSimulator.ActiveCfg = Release|Any CPU
		{6891E212-AEEE-4763-AC6F-BD7213C13890}.Ad-Hoc|Mixed Platforms.ActiveCfg = Release|x86
		{6891E212-AEEE-4763-AC6F-BD7213C13890}.Ad-Hoc|Mixed Platforms.Build.0 = Release|x86
		{6891E212-AEEE-4763-AC6F-BD7213C13890}.Ad-Hoc|x64.ActiveCfg = Release|x64
		{6891E212-AEEE-4763-AC6F-BD7213C13890}.Ad-Hoc|x64.Build.0 = Release|x64
		{6891E212-AEEE-4763-AC6F-BD7213C13890}.Ad-Hoc|x86.ActiveCfg = Release|x86
		{6891E212-AEEE-4763-AC6F-BD7213C13890}.Ad-Hoc|x86.Build.0 = Release|x86
		{6891E212-AEEE-4763-AC6F-BD7213C13890}.AppStore|Any CPU.ActiveCfg = Release|Any CPU
		{6891E212-AEEE-4763-AC6F-BD7213C13890}.AppStore|Any CPU.Build.0 = Release|Any CPU
		{6891E212-AEEE-4763-AC6F-BD7213C13890}.AppStore|ARM.ActiveCfg = Release|ARM
		{6891E212-AEEE-4763-AC6F-BD7213C13890}.AppStore|ARM.Build.0 = Release|ARM
		{6891E212-AEEE-4763-AC6F-BD7213C13890}.AppStore|iPhone.ActiveCfg = Release|Any CPU
		{6891E212-AEEE-4763-AC6F-BD7213C13890}.AppStore|iPhoneSimulator.ActiveCfg = Release|Any CPU
		{6891E212-AEEE-4763-AC6F-BD7213C13890}.AppStore|Mixed Platforms.ActiveCfg = Release|x86
		{6891E212-AEEE-4763-AC6F-BD7213C13890}.AppStore|Mixed Platforms.Build.0 = Release|x86
		{6891E212-AEEE-4763-AC6F-BD7213C13890}.AppStore|x64.ActiveCfg = Release|x64
		{6891E212-AEEE-4763-AC6F-BD7213C13890}.AppStore|x64.Build.0 = Release|x64
		{6891E212-AEEE-4763-AC6F-BD7213C13890}.AppStore|x86.ActiveCfg = Release|x86
		{6891E212-AEEE-4763-AC6F-BD7213C13890}.AppStore|x86.Build.0 = Release|x86
		{6891E212-AEEE-4763-AC6F-BD7213C13890}.Debug|Any CPU.ActiveCfg = Debug|Any CPU
		{6891E212-AEEE-4763-AC6F-BD7213C13890}.Debug|Any CPU.Build.0 = Debug|Any CPU
		{6891E212-AEEE-4763-AC6F-BD7213C13890}.Debug|ARM.ActiveCfg = Debug|ARM
		{6891E212-AEEE-4763-AC6F-BD7213C13890}.Debug|ARM.Build.0 = Debug|ARM
		{6891E212-AEEE-4763-AC6F-BD7213C13890}.Debug|iPhone.ActiveCfg = Debug|Any CPU
		{6891E212-AEEE-4763-AC6F-BD7213C13890}.Debug|iPhoneSimulator.ActiveCfg = Debug|Any CPU
		{6891E212-AEEE-4763-AC6F-BD7213C13890}.Debug|Mixed Platforms.ActiveCfg = Debug|x86
		{6891E212-AEEE-4763-AC6F-BD7213C13890}.Debug|Mixed Platforms.Build.0 = Debug|x86
		{6891E212-AEEE-4763-AC6F-BD7213C13890}.Debug|x64.ActiveCfg = Debug|x64
		{6891E212-AEEE-4763-AC6F-BD7213C13890}.Debug|x64.Build.0 = Debug|x64
		{6891E212-AEEE-4763-AC6F-BD7213C13890}.Debug|x86.ActiveCfg = Debug|x86
		{6891E212-AEEE-4763-AC6F-BD7213C13890}.Debug|x86.Build.0 = Debug|x86
		{6891E212-AEEE-4763-AC6F-BD7213C13890}.Release|Any CPU.ActiveCfg = Release|Any CPU
		{6891E212-AEEE-4763-AC6F-BD7213C13890}.Release|Any CPU.Build.0 = Release|Any CPU
		{6891E212-AEEE-4763-AC6F-BD7213C13890}.Release|ARM.ActiveCfg = Release|ARM
		{6891E212-AEEE-4763-AC6F-BD7213C13890}.Release|ARM.Build.0 = Release|ARM
		{6891E212-AEEE-4763-AC6F-BD7213C13890}.Release|iPhone.ActiveCfg = Release|Any CPU
		{6891E212-AEEE-4763-AC6F-BD7213C13890}.Release|iPhoneSimulator.ActiveCfg = Release|Any CPU
		{6891E212-AEEE-4763-AC6F-BD7213C13890}.Release|Mixed Platforms.ActiveCfg = Release|x86
		{6891E212-AEEE-4763-AC6F-BD7213C13890}.Release|Mixed Platforms.Build.0 = Release|x86
		{6891E212-AEEE-4763-AC6F-BD7213C13890}.Release|x64.ActiveCfg = Release|x64
		{6891E212-AEEE-4763-AC6F-BD7213C13890}.Release|x64.Build.0 = Release|x64
		{6891E212-AEEE-4763-AC6F-BD7213C13890}.Release|x86.ActiveCfg = Release|x86
		{6891E212-AEEE-4763-AC6F-BD7213C13890}.Release|x86.Build.0 = Release|x86
	EndGlobalSection
	GlobalSection(SolutionProperties) = preSolution
		HideSolutionNode = FALSE
	EndGlobalSection
	GlobalSection(NestedProjects) = preSolution
		{BA55E5B3-F268-482E-B6C3-EAE80EA8D967} = {EAA0388F-ABC7-4349-B9E5-FF9067A50073}
		{6F483780-9CB2-4058-AA46-4F732E106164} = {EAA0388F-ABC7-4349-B9E5-FF9067A50073}
		{BA12C7CE-8018-4334-B8A1-4745D564A959} = {EAA0388F-ABC7-4349-B9E5-FF9067A50073}
		{C7841303-39EA-47C1-8688-B767D7A556D5} = {96D89141-824B-4E59-91AE-E3CC8FC55DD1}
		{2A2233CB-F7BC-4D9C-B1FE-BC4AA2FB66DF} = {96D89141-824B-4E59-91AE-E3CC8FC55DD1}
		{DA678A41-BF59-41D2-9486-CCD7AFBD054A} = {96D89141-824B-4E59-91AE-E3CC8FC55DD1}
		{865D07F0-5F6A-48BC-99DD-CE03684B424C} = {4A991F4E-E824-4BEA-B69A-87036D2A2D5C}
		{6891E212-AEEE-4763-AC6F-BD7213C13890} = {7CC78AAC-674C-4756-90FF-F4722281724C}
		{7CC78AAC-674C-4756-90FF-F4722281724C} = {EAA0388F-ABC7-4349-B9E5-FF9067A50073}
	EndGlobalSection
EndGlobal
